
Microsoft Visual Studio Solution File, Format Version 12.00
# Visual Studio Version 16
VisualStudioVersion = 16.0.31702.278
MinimumVisualStudioVersion = 10.0.40219.1
Project("{FAE04EC0-301F-11D3-BF4B-00C04F79EFBC}") = "OnlineShop", "OnlineShop\OnlineShop.csproj", "{7186D85D-45DF-477F-BCA4-60AEEA143FB0}"
EndProject
Project("{FAE04EC0-301F-11D3-BF4B-00C04F79EFBC}") = "Model", "Model\Model.csproj", "{FA07AD3A-8D73-46B7-9435-AAF585A95430}"
EndProject
Project("{FAE04EC0-301F-11D3-BF4B-00C04F79EFBC}") = "Common", "Common\Common.csproj", "{877108A6-DBBF-4B0F-BC11-DF2E6DB605C0}"
EndProject
Global
	GlobalSection(SolutionConfigurationPlatforms) = preSolution
		Debug|Any CPU = Debug|Any CPU
		Release|Any CPU = Release|Any CPU
	EndGlobalSection
	GlobalSection(ProjectConfigurationPlatforms) = postSolution
		{7186D85D-45DF-477F-BCA4-60AEEA143FB0}.Debug|Any CPU.ActiveCfg = Debug|Any CPU
		{7186D85D-45DF-477F-BCA4-60AEEA143FB0}.Debug|Any CPU.Build.0 = Debug|Any CPU
		{7186D85D-45DF-477F-BCA4-60AEEA143FB0}.Release|Any CPU.ActiveCfg = Release|Any CPU
		{7186D85D-45DF-477F-BCA4-60AEEA143FB0}.Release|Any CPU.Build.0 = Release|Any CPU
		{FA07AD3A-8D73-46B7-9435-AAF585A95430}.Debug|Any CPU.ActiveCfg = Debug|Any CPU
		{FA07AD3A-8D73-46B7-9435-AAF585A95430}.Debug|Any CPU.Build.0 = Debug|Any CPU
		{FA07AD3A-8D73-46B7-9435-AAF585A95430}.Release|Any CPU.ActiveCfg = Release|Any CPU
		{FA07AD3A-8D73-46B7-9435-AAF585A95430}.Release|Any CPU.Build.0 = Release|Any CPU
		{877108A6-DBBF-4B0F-BC11-DF2E6DB605C0}.Debug|Any CPU.ActiveCfg = Debug|Any CPU
		{877108A6-DBBF-4B0F-BC11-DF2E6DB605C0}.Debug|Any CPU.Build.0 = Debug|Any CPU
		{877108A6-DBBF-4B0F-BC11-DF2E6DB605C0}.Release|Any CPU.ActiveCfg = Release|Any CPU
		{877108A6-DBBF-4B0F-BC11-DF2E6DB605C0}.Release|Any CPU.Build.0 = Release|Any CPU
	EndGlobalSection
	GlobalSection(SolutionProperties) = preSolution
		HideSolutionNode = FALSE
	EndGlobalSection
	GlobalSection(ExtensibilityGlobals) = postSolution
		SolutionGuid = {4DF584DD-D7EE-4AF8-B69F-960238B490E4}
	EndGlobalSection
EndGlobal
